
Microsoft Visual Studio Solution File, Format Version 12.00
# Visual Studio Version 17
VisualStudioVersion = 17.0.31903.59

Project("{2150E333-8FDC-42A3-9474-1A3956D46DE8}") = "src", "src", "{A1000001-0000-0000-0000-000000000000}"
EndProject
Project("{2150E333-8FDC-42A3-9474-1A3956D46DE8}") = "SharedKernel", "SharedKernel", "{A1000002-0000-0000-0000-000000000000}"
EndProject
Project("{2150E333-8FDC-42A3-9474-1A3956D46DE8}") = "Services", "Services", "{A1000003-0000-0000-0000-000000000000}"
EndProject
Project("{2150E333-8FDC-42A3-9474-1A3956D46DE8}") = "Catalog", "Catalog", "{A1000010-0000-0000-0000-000000000000}"
EndProject
Project("{2150E333-8FDC-42A3-9474-1A3956D46DE8}") = "Identity", "Identity", "{A1000011-0000-0000-0000-000000000000}"
EndProject
Project("{2150E333-8FDC-42A3-9474-1A3956D46DE8}") = "Inventory", "Inventory", "{A1000012-0000-0000-0000-000000000000}"
EndProject
Project("{2150E333-8FDC-42A3-9474-1A3956D46DE8}") = "Order", "Order", "{A1000013-0000-0000-0000-000000000000}"
EndProject
Project("{2150E333-8FDC-42A3-9474-1A3956D46DE8}") = "Payment", "Payment", "{A1000014-0000-0000-0000-000000000000}"
EndProject
Project("{2150E333-8FDC-42A3-9474-1A3956D46DE8}") = "Notification", "Notification", "{A1000015-0000-0000-0000-000000000000}"
EndProject
Project("{2150E333-8FDC-42A3-9474-1A3956D46DE8}") = "ApiGateway", "ApiGateway", "{A1000020-0000-0000-0000-000000000000}"
EndProject
Project("{2150E333-8FDC-42A3-9474-1A3956D46DE8}") = "Frontend", "Frontend", "{A1000021-0000-0000-0000-000000000000}"
EndProject

Project("{FAE04EC0-301F-11D3-BF4B-00C04F79EFBC}") = "ECommerce.SharedKernel", "src\SharedKernel\ECommerce.SharedKernel\ECommerce.SharedKernel.csproj", "{B0000001-0000-0000-0000-000000000001}"
EndProject

Project("{FAE04EC0-301F-11D3-BF4B-00C04F79EFBC}") = "Catalog.Api", "src\Services\Catalog\Catalog.Api\Catalog.Api.csproj", "{B0000010-0000-0000-0000-000000000001}"
EndProject
Project("{FAE04EC0-301F-11D3-BF4B-00C04F79EFBC}") = "Catalog.Domain", "src\Services\Catalog\Catalog.Domain\Catalog.Domain.csproj", "{B0000010-0000-0000-0000-000000000002}"
EndProject
Project("{FAE04EC0-301F-11D3-BF4B-00C04F79EFBC}") = "Catalog.Infrastructure", "src\Services\Catalog\Catalog.Infrastructure\Catalog.Infrastructure.csproj", "{B0000010-0000-0000-0000-000000000003}"
EndProject

Project("{FAE04EC0-301F-11D3-BF4B-00C04F79EFBC}") = "Identity.Api", "src\Services\Identity\Identity.Api\Identity.Api.csproj", "{B0000011-0000-0000-0000-000000000001}"
EndProject

Project("{FAE04EC0-301F-11D3-BF4B-00C04F79EFBC}") = "Inventory.Api", "src\Services\Inventory\Inventory.Api\Inventory.Api.csproj", "{B0000012-0000-0000-0000-000000000001}"
EndProject
Project("{FAE04EC0-301F-11D3-BF4B-00C04F79EFBC}") = "Inventory.Domain", "src\Services\Inventory\Inventory.Domain\Inventory.Domain.csproj", "{B0000012-0000-0000-0000-000000000002}"
EndProject
Project("{FAE04EC0-301F-11D3-BF4B-00C04F79EFBC}") = "Inventory.Infrastructure", "src\Services\Inventory\Inventory.Infrastructure\Inventory.Infrastructure.csproj", "{B0000012-0000-0000-0000-000000000003}"
EndProject

Project("{FAE04EC0-301F-11D3-BF4B-00C04F79EFBC}") = "Order.Api", "src\Services\Order\Order.Api\Order.Api.csproj", "{B0000013-0000-0000-0000-000000000001}"
EndProject
Project("{FAE04EC0-301F-11D3-BF4B-00C04F79EFBC}") = "Order.Application", "src\Services\Order\Order.Application\Order.Application.csproj", "{B0000013-0000-0000-0000-000000000002}"
EndProject
Project("{FAE04EC0-301F-11D3-BF4B-00C04F79EFBC}") = "Order.Domain", "src\Services\Order\Order.Domain\Order.Domain.csproj", "{B0000013-0000-0000-0000-000000000003}"
EndProject
Project("{FAE04EC0-301F-11D3-BF4B-00C04F79EFBC}") = "Order.Infrastructure", "src\Services\Order\Order.Infrastructure\Order.Infrastructure.csproj", "{B0000013-0000-0000-0000-000000000004}"
EndProject

Project("{FAE04EC0-301F-11D3-BF4B-00C04F79EFBC}") = "Payment.Api", "src\Services\Payment\Payment.Api\Payment.Api.csproj", "{B0000014-0000-0000-0000-000000000001}"
EndProject
Project("{FAE04EC0-301F-11D3-BF4B-00C04F79EFBC}") = "Payment.Domain", "src\Services\Payment\Payment.Domain\Payment.Domain.csproj", "{B0000014-0000-0000-0000-000000000002}"
EndProject
Project("{FAE04EC0-301F-11D3-BF4B-00C04F79EFBC}") = "Payment.Infrastructure", "src\Services\Payment\Payment.Infrastructure\Payment.Infrastructure.csproj", "{B0000014-0000-0000-0000-000000000003}"
EndProject

Project("{FAE04EC0-301F-11D3-BF4B-00C04F79EFBC}") = "Notification.Api", "src\Services\Notification\Notification.Api\Notification.Api.csproj", "{B0000015-0000-0000-0000-000000000001}"
EndProject

Project("{FAE04EC0-301F-11D3-BF4B-00C04F79EFBC}") = "ECommerce.ApiGateway", "src\ApiGateway\ECommerce.ApiGateway\ECommerce.ApiGateway.csproj", "{B0000020-0000-0000-0000-000000000001}"
EndProject

Project("{FAE04EC0-301F-11D3-BF4B-00C04F79EFBC}") = "ECommerce.Web.Blazor", "src\Frontend\ECommerce.Web.Blazor\ECommerce.Web.Blazor.csproj", "{B0000021-0000-0000-0000-000000000001}"
EndProject

Global
  GlobalSection(SolutionConfigurationPlatforms) = preSolution
    Debug|Any CPU = Debug|Any CPU
    Release|Any CPU = Release|Any CPU
  EndGlobalSection
  GlobalSection(ProjectConfigurationPlatforms) = postSolution
    {B0000001-0000-0000-0000-000000000001}.Debug|Any CPU.ActiveCfg = Debug|Any CPU
    {B0000001-0000-0000-0000-000000000001}.Debug|Any CPU.Build.0 = Debug|Any CPU
    {B0000001-0000-0000-0000-000000000001}.Release|Any CPU.ActiveCfg = Release|Any CPU
    {B0000001-0000-0000-0000-000000000001}.Release|Any CPU.Build.0 = Release|Any CPU
    {B0000010-0000-0000-0000-000000000001}.Debug|Any CPU.ActiveCfg = Debug|Any CPU
    {B0000010-0000-0000-0000-000000000001}.Debug|Any CPU.Build.0 = Debug|Any CPU
    {B0000010-0000-0000-0000-000000000001}.Release|Any CPU.ActiveCfg = Release|Any CPU
    {B0000010-0000-0000-0000-000000000001}.Release|Any CPU.Build.0 = Release|Any CPU
    {B0000010-0000-0000-0000-000000000002}.Debug|Any CPU.ActiveCfg = Debug|Any CPU
    {B0000010-0000-0000-0000-000000000002}.Debug|Any CPU.Build.0 = Debug|Any CPU
    {B0000010-0000-0000-0000-000000000002}.Release|Any CPU.ActiveCfg = Release|Any CPU
    {B0000010-0000-0000-0000-000000000002}.Release|Any CPU.Build.0 = Release|Any CPU
    {B0000010-0000-0000-0000-000000000003}.Debug|Any CPU.ActiveCfg = Debug|Any CPU
    {B0000010-0000-0000-0000-000000000003}.Debug|Any CPU.Build.0 = Debug|Any CPU
    {B0000010-0000-0000-0000-000000000003}.Release|Any CPU.ActiveCfg = Release|Any CPU
    {B0000010-0000-0000-0000-000000000003}.Release|Any CPU.Build.0 = Release|Any CPU
    {B0000013-0000-0000-0000-000000000001}.Debug|Any CPU.ActiveCfg = Debug|Any CPU
    {B0000013-0000-0000-0000-000000000001}.Debug|Any CPU.Build.0 = Debug|Any CPU
    {B0000013-0000-0000-0000-000000000001}.Release|Any CPU.ActiveCfg = Release|Any CPU
    {B0000013-0000-0000-0000-000000000001}.Release|Any CPU.Build.0 = Release|Any CPU
    {B0000013-0000-0000-0000-000000000002}.Debug|Any CPU.ActiveCfg = Debug|Any CPU
    {B0000013-0000-0000-0000-000000000002}.Debug|Any CPU.Build.0 = Debug|Any CPU
    {B0000013-0000-0000-0000-000000000002}.Release|Any CPU.ActiveCfg = Release|Any CPU
    {B0000013-0000-0000-0000-000000000002}.Release|Any CPU.Build.0 = Release|Any CPU
    {B0000020-0000-0000-0000-000000000001}.Debug|Any CPU.ActiveCfg = Debug|Any CPU
    {B0000020-0000-0000-0000-000000000001}.Debug|Any CPU.Build.0 = Debug|Any CPU
    {B0000020-0000-0000-0000-000000000001}.Release|Any CPU.ActiveCfg = Release|Any CPU
    {B0000020-0000-0000-0000-000000000001}.Release|Any CPU.Build.0 = Release|Any CPU
    {B0000021-0000-0000-0000-000000000001}.Debug|Any CPU.ActiveCfg = Debug|Any CPU
    {B0000021-0000-0000-0000-000000000001}.Debug|Any CPU.Build.0 = Debug|Any CPU
    {B0000021-0000-0000-0000-000000000001}.Release|Any CPU.ActiveCfg = Release|Any CPU
    {B0000021-0000-0000-0000-000000000001}.Release|Any CPU.Build.0 = Release|Any CPU
  EndGlobalSection
  GlobalSection(NestedProjects) = preSolution
    {A1000002-0000-0000-0000-000000000000} = {A1000001-0000-0000-0000-000000000000}
    {A1000003-0000-0000-0000-000000000000} = {A1000001-0000-0000-0000-000000000000}
    {B0000001-0000-0000-0000-000000000001} = {A1000002-0000-0000-0000-000000000000}
    {A1000010-0000-0000-0000-000000000000} = {A1000003-0000-0000-0000-000000000000}
    {A1000011-0000-0000-0000-000000000000} = {A1000003-0000-0000-0000-000000000000}
    {A1000012-0000-0000-0000-000000000000} = {A1000003-0000-0000-0000-000000000000}
    {A1000013-0000-0000-0000-000000000000} = {A1000003-0000-0000-0000-000000000000}
    {A1000014-0000-0000-0000-000000000000} = {A1000003-0000-0000-0000-000000000000}
    {A1000015-0000-0000-0000-000000000000} = {A1000003-0000-0000-0000-000000000000}
    {B0000010-0000-0000-0000-000000000001} = {A1000010-0000-0000-0000-000000000000}
    {B0000010-0000-0000-0000-000000000002} = {A1000010-0000-0000-0000-000000000000}
    {B0000010-0000-0000-0000-000000000003} = {A1000010-0000-0000-0000-000000000000}
    {B0000011-0000-0000-0000-000000000001} = {A1000011-0000-0000-0000-000000000000}
    {B0000012-0000-0000-0000-000000000001} = {A1000012-0000-0000-0000-000000000000}
    {B0000012-0000-0000-0000-000000000002} = {A1000012-0000-0000-0000-000000000000}
    {B0000012-0000-0000-0000-000000000003} = {A1000012-0000-0000-0000-000000000000}
    {B0000013-0000-0000-0000-000000000001} = {A1000013-0000-0000-0000-000000000000}
    {B0000013-0000-0000-0000-000000000002} = {A1000013-0000-0000-0000-000000000000}
    {B0000013-0000-0000-0000-000000000003} = {A1000013-0000-0000-0000-000000000000}
    {B0000013-0000-0000-0000-000000000004} = {A1000013-0000-0000-0000-000000000000}
    {B0000014-0000-0000-0000-000000000001} = {A1000014-0000-0000-0000-000000000000}
    {B0000014-0000-0000-0000-000000000002} = {A1000014-0000-0000-0000-000000000000}
    {B0000014-0000-0000-0000-000000000003} = {A1000014-0000-0000-0000-000000000000}
    {B0000015-0000-0000-0000-000000000001} = {A1000015-0000-0000-0000-000000000000}
    {B0000020-0000-0000-0000-000000000001} = {A1000020-0000-0000-0000-000000000000}
    {B0000021-0000-0000-0000-000000000001} = {A1000021-0000-0000-0000-000000000000}
  EndGlobalSection
EndGlobal
